
Microsoft Visual Studio Solution File, Format Version 12.00
# Visual Studio Version 16
VisualStudioVersion = 16.0.32228.343
MinimumVisualStudioVersion = 10.0.40219.1
Project("{9A19103F-16F7-4668-BE54-9A1E7A4F7556}") = "House_TARgv20", "House_TARgv20\House_TARgv20.csproj", "{CACC3B6A-A7B9-4C21-951D-AAEEA44B4E24}"
EndProject
Project("{9A19103F-16F7-4668-BE54-9A1E7A4F7556}") = "House_TARgv20.ApplicationServices", "House_TARgv20.ApplicationServices\House_TARgv20.ApplicationServices.csproj", "{E439BA3F-2932-4E7D-B99E-D96D87B2F03E}"
EndProject
Project("{9A19103F-16F7-4668-BE54-9A1E7A4F7556}") = "House_TARgv20.Core", "House_TARgv20.Core\House_TARgv20.Core.csproj", "{F366EE36-4C61-49B0-B435-29067D42DA4A}"
EndProject
Project("{9A19103F-16F7-4668-BE54-9A1E7A4F7556}") = "House_TARgv20.Data", "House_TARgv20.Data\House_TARgv20.Data.csproj", "{0558C6BF-659D-4DDB-95C1-2BC6861A9700}"
EndProject
Project("{9A19103F-16F7-4668-BE54-9A1E7A4F7556}") = "House_TARgv20.Tests", "House_TARgv20.Tests\House_TARgv20.Tests.csproj", "{9863F749-F571-4161-A728-C87E04EA829C}"
EndProject
Global
	GlobalSection(SolutionConfigurationPlatforms) = preSolution
		Debug|Any CPU = Debug|Any CPU
		Release|Any CPU = Release|Any CPU
	EndGlobalSection
	GlobalSection(ProjectConfigurationPlatforms) = postSolution
		{CACC3B6A-A7B9-4C21-951D-AAEEA44B4E24}.Debug|Any CPU.ActiveCfg = Debug|Any CPU
		{CACC3B6A-A7B9-4C21-951D-AAEEA44B4E24}.Debug|Any CPU.Build.0 = Debug|Any CPU
		{CACC3B6A-A7B9-4C21-951D-AAEEA44B4E24}.Release|Any CPU.ActiveCfg = Release|Any CPU
		{CACC3B6A-A7B9-4C21-951D-AAEEA44B4E24}.Release|Any CPU.Build.0 = Release|Any CPU
		{E439BA3F-2932-4E7D-B99E-D96D87B2F03E}.Debug|Any CPU.ActiveCfg = Debug|Any CPU
		{E439BA3F-2932-4E7D-B99E-D96D87B2F03E}.Debug|Any CPU.Build.0 = Debug|Any CPU
		{E439BA3F-2932-4E7D-B99E-D96D87B2F03E}.Release|Any CPU.ActiveCfg = Release|Any CPU
		{E439BA3F-2932-4E7D-B99E-D96D87B2F03E}.Release|Any CPU.Build.0 = Release|Any CPU
		{F366EE36-4C61-49B0-B435-29067D42DA4A}.Debug|Any CPU.ActiveCfg = Debug|Any CPU
		{F366EE36-4C61-49B0-B435-29067D42DA4A}.Debug|Any CPU.Build.0 = Debug|Any CPU
		{F366EE36-4C61-49B0-B435-29067D42DA4A}.Release|Any CPU.ActiveCfg = Release|Any CPU
		{F366EE36-4C61-49B0-B435-29067D42DA4A}.Release|Any CPU.Build.0 = Release|Any CPU
		{0558C6BF-659D-4DDB-95C1-2BC6861A9700}.Debug|Any CPU.ActiveCfg = Debug|Any CPU
		{0558C6BF-659D-4DDB-95C1-2BC6861A9700}.Debug|Any CPU.Build.0 = Debug|Any CPU
		{0558C6BF-659D-4DDB-95C1-2BC6861A9700}.Release|Any CPU.ActiveCfg = Release|Any CPU
		{0558C6BF-659D-4DDB-95C1-2BC6861A9700}.Release|Any CPU.Build.0 = Release|Any CPU
		{9863F749-F571-4161-A728-C87E04EA829C}.Debug|Any CPU.ActiveCfg = Debug|Any CPU
		{9863F749-F571-4161-A728-C87E04EA829C}.Debug|Any CPU.Build.0 = Debug|Any CPU
		{9863F749-F571-4161-A728-C87E04EA829C}.Release|Any CPU.ActiveCfg = Release|Any CPU
		{9863F749-F571-4161-A728-C87E04EA829C}.Release|Any CPU.Build.0 = Release|Any CPU
	EndGlobalSection
	GlobalSection(SolutionProperties) = preSolution
		HideSolutionNode = FALSE
	EndGlobalSection
	GlobalSection(ExtensibilityGlobals) = postSolution
		SolutionGuid = {57E00DF5-4D96-4B40-A29A-BAB786F2AED5}
	EndGlobalSection
EndGlobal
